# THIS IS AN AUTOGENERATED FILE. DO NOT EDIT THIS FILE DIRECTLY.
# yarn lockfile v1


"@types/commander@^2.12.2":
  version "2.12.2"
  resolved "https://registry.npm.taobao.org/@types/commander/download/@types/commander-2.12.2.tgz#183041a23842d4281478fa5d23c5ca78e6fd08ae"
  integrity sha1-GDBBojhC1CgUePpdI8XKeOb9CK4=
  dependencies:
    commander "*"

"@types/http-proxy@^1.17.0":
  version "1.17.0"
  resolved "https://registry.npm.taobao.org/@types/http-proxy/download/@types/http-proxy-1.17.0.tgz#baf82ff6aa2723fd29f90e3ba1384e665006863e"
  integrity sha1-uvgv9qonI/0p+Q47oThOZlAGhj4=
  dependencies:
    "@types/node" "*"

"@types/lodash@^4.14.134":
  version "4.14.134"
  resolved "https://registry.npm.taobao.org/@types/lodash/download/@types/lodash-4.14.134.tgz#9032b440122db3a2a56200e91191996161dde5b9"
  integrity sha1-kDK0QBIts6KlYgDpEZGZYWHd5bk=

"@types/node@*", "@types/node@^12.0.8":
  version "12.0.8"
  resolved "https://registry.npm.taobao.org/@types/node/download/@types/node-12.0.8.tgz#551466be11b2adc3f3d47156758f610bd9f6b1d8"
  integrity sha1-VRRmvhGyrcPz1HFWdY9hC9n2sdg=

commander@*, commander@^2.20.0:
  version "2.20.0"
  resolved "https://registry.npm.taobao.org/commander/download/commander-2.20.0.tgz#d58bb2b5c1ee8f87b0d340027e9e94e222c5a422"
  integrity sha1-1YuytcHuj4ew00ACfp6U4iLFpCI=

debug@^3.2.6:
  version "3.2.6"
  resolved "https://registry.npm.taobao.org/debug/download/debug-3.2.6.tgz?cache=0&other_urls=https%3A%2F%2Fregistry.npm.taobao.org%2Fdebug%2Fdownload%2Fdebug-3.2.6.tgz#e83d17de16d8a7efb7717edbe5fb10135eee629b"
  integrity sha1-6D0X3hbYp++3cX7b5fsQE17uYps=
  dependencies:
    ms "^2.1.1"

eventemitter3@^3.0.0:
  version "3.1.2"
  resolved "https://registry.npm.taobao.org/eventemitter3/download/eventemitter3-3.1.2.tgz#2d3d48f9c346698fce83a85d7d664e98535df6e7"
  integrity sha1-LT1I+cNGaY/Og6hdfWZOmFNd9uc=

follow-redirects@^1.0.0:
  version "1.7.0"
  resolved "https://registry.npm.taobao.org/follow-redirects/download/follow-redirects-1.7.0.tgz#489ebc198dc0e7f64167bd23b03c4c19b5784c76"
  integrity sha1-SJ68GY3A5/ZBZ70jsDxMGbV4THY=
  dependencies:
    debug "^3.2.6"

http-proxy@^1.17.0:
  version "1.17.0"
  resolved "https://registry.npm.taobao.org/http-proxy/download/http-proxy-1.17.0.tgz#7ad38494658f84605e2f6db4436df410f4e5be9a"
  integrity sha1-etOElGWPhGBeL220Q230EPTlvpo=
  dependencies:
    eventemitter3 "^3.0.0"
    follow-redirects "^1.0.0"
    requires-port "^1.0.0"

lodash@^4.17.19:
  version "4.17.19"
  resolved "https://registry.yarnpkg.com/lodash/-/lodash-4.17.19.tgz#e48ddedbe30b3321783c5b4301fbd353bc1e4a4b"
  integrity sha512-JNvd8XER9GQX0v2qJgsaN/mzFCNA5BRe/j8JN9d+tWyGLSodKQHKFicdwNYzWwI3wjRnaKPsGj1XkBjx/F96DQ==

ms@^2.1.1:
  version "2.1.2"
  resolved "https://registry.npm.taobao.org/ms/download/ms-2.1.2.tgz?cache=0&other_urls=https%3A%2F%2Fregistry.npm.taobao.org%2Fms%2Fdownload%2Fms-2.1.2.tgz#d09d1f357b443f493382a8eb3ccd183872ae6009"
  integrity sha1-0J0fNXtEP0kzgqjrPM0YOHKuYAk=

requires-port@^1.0.0:
  version "1.0.0"
  resolved "https://registry.npm.taobao.org/requires-port/download/requires-port-1.0.0.tgz#925d2601d39ac485e091cf0da5c6e694dc3dcaff"
  integrity sha1-kl0mAdOaxIXgkc8NpcbmlNw9yv8=

typescript@^3.5.2:
  version "3.5.2"
  resolved "https://registry.npm.taobao.org/typescript/download/typescript-3.5.2.tgz#a09e1dc69bc9551cadf17dba10ee42cf55e5d56c"
  integrity sha1-oJ4dxpvJVRyt8X26EO5Cz1Xl1Ww=
